# This file is automatically @generated by Poetry 2.2.1 and should not be changed by hand.

[[package]]
name = "spinq"
version = "1.1.0"
description = "Simple LINQ in Python"
optional = false
python-versions = "<4.0,>=3.13"
groups = ["main"]
files = [
    {file = "spinq-1.1.0-py3-none-any.whl", hash = "sha256:2dc1e4ae2784f62a48df27a06613c924590a8fd5126f053476c05ed8440a9c30"},
    {file = "spinq-1.1.0.tar.gz", hash = "sha256:dca6ca13ad512f022c764ebb1ebad3ab989e7d7be3d5b775b8b3060d7ca0c147"},
]

[[package]]
name = "structlog"
version = "25.5.0"
description = "Structured Logging for Python"
optional = false
python-versions = ">=3.8"
groups = ["main"]
files = [
    {file = "structlog-25.5.0-py3-none-any.whl", hash = "sha256:a8453e9b9e636ec59bd9e79bbd4a72f025981b3ba0f5837aebf48f02f37a7f9f"},
    {file = "structlog-25.5.0.tar.gz", hash = "sha256:098522a3bebed9153d4570c6d0288abf80a031dfdb2048d59a49e9dc2190fc98"},
]

[metadata]
lock-version = "2.1"
python-versions = ">=3.14,<3.15"
content-hash = "8193c554f6eb2e8426747f55fd0f2d35ef9268a1ed932cb5fef49e074f0c7467"
