# This file is automatically @generated by Poetry 2.3.2 and should not be changed by hand.

[[package]]
name = "spinq"
version = "1.4.0"
description = "Simple LINQ in Python"
optional = false
python-versions = "<4.0,>=3.13"
groups = ["main"]
files = [
    {file = "spinq-1.4.0-py3-none-any.whl", hash = "sha256:bb9f25d0ec089e3535f19576669905b7a840ee64396b61ba2e29a423d56a50fc"},
    {file = "spinq-1.4.0.tar.gz", hash = "sha256:c1acb9a74911c0392d2c1c7c69cbfedcddd8afe8f080176ad771cd274a0e6604"},
]

[[package]]
name = "structlog"
version = "25.5.0"
description = "Structured Logging for Python"
optional = false
python-versions = ">=3.8"
groups = ["main"]
files = [
    {file = "structlog-25.5.0-py3-none-any.whl", hash = "sha256:a8453e9b9e636ec59bd9e79bbd4a72f025981b3ba0f5837aebf48f02f37a7f9f"},
    {file = "structlog-25.5.0.tar.gz", hash = "sha256:098522a3bebed9153d4570c6d0288abf80a031dfdb2048d59a49e9dc2190fc98"},
]

[metadata]
lock-version = "2.1"
python-versions = ">=3.14,<3.15"
content-hash = "176512de6dee5b7d657f1a018b7eed88f5cd6a0a9200e199cb60785c9f82ce5a"
