
Microsoft Visual Studio Solution File, Format Version 12.00
Project("{F2A71F9B-5D33-465A-A702-920D77279786}") = "Leads.Core", "Leads.Core\Leads.Core.fsproj", "{522FA11C-EC1A-4C84-ADAC-00BCE54C4B0D}"
EndProject
Project("{F2A71F9B-5D33-465A-A702-920D77279786}") = "Leads.Shell", "Leads.Shell\Leads.Shell.fsproj", "{BC34735B-0FF6-4AB1-ADB6-E51C1FFA290B}"
EndProject
Project("{2150E333-8FDC-42A3-9474-1A3956D46DE8}") = "Solution Items", "Solution Items", "{15EE95C9-BAA0-439F-B916-75B939C38348}"
	ProjectSection(SolutionItems) = preProject
		..\README.md = ..\README.md
		..\COMMANDS.md = ..\COMMANDS.md
		..\CHANGELOG.md = ..\CHANGELOG.md
	EndProjectSection
EndProject
Project("{F2A71F9B-5D33-465A-A702-920D77279786}") = "Leads.Core.Tests", "Leads.Core.Tests\Leads.Core.Tests.fsproj", "{9ED5C129-7300-4D76-9E59-70C616832754}"
EndProject
Project("{F2A71F9B-5D33-465A-A702-920D77279786}") = "Leads.DrivenAdapters", "Leads.DrivenAdapters\Leads.DrivenAdapters.fsproj", "{231F0DB9-DAEC-43C7-A0C0-23376F2BFDC8}"
EndProject
Project("{F2A71F9B-5D33-465A-A702-920D77279786}") = "Leads.Shell.Tests", "Leads.Shell.Tests\Leads.Shell.Tests.fsproj", "{3DD542AF-1D13-43C0-805C-065002737628}"
EndProject
Project("{2150E333-8FDC-42A3-9474-1A3956D46DE8}") = "Tests", "Tests", "{DAC98C5A-336D-4B2D-B5E0-FA4E62DE79F3}"
EndProject
Project("{F2A71F9B-5D33-465A-A702-920D77279786}") = "Leads.DrivenPorts", "Leads.DrivenPorts\Leads.DrivenPorts.fsproj", "{B85C5D68-9EB6-46B9-A321-763272F941D5}"
EndProject
Project("{2150E333-8FDC-42A3-9474-1A3956D46DE8}") = "Core", "Core", "{4E763486-8C17-4581-9D97-769DC6B48303}"
EndProject
Global
	GlobalSection(SolutionConfigurationPlatforms) = preSolution
		Debug|Any CPU = Debug|Any CPU
		Release|Any CPU = Release|Any CPU
	EndGlobalSection
	GlobalSection(ProjectConfigurationPlatforms) = postSolution
		{522FA11C-EC1A-4C84-ADAC-00BCE54C4B0D}.Debug|Any CPU.ActiveCfg = Debug|Any CPU
		{522FA11C-EC1A-4C84-ADAC-00BCE54C4B0D}.Debug|Any CPU.Build.0 = Debug|Any CPU
		{522FA11C-EC1A-4C84-ADAC-00BCE54C4B0D}.Release|Any CPU.ActiveCfg = Release|Any CPU
		{522FA11C-EC1A-4C84-ADAC-00BCE54C4B0D}.Release|Any CPU.Build.0 = Release|Any CPU
		{BC34735B-0FF6-4AB1-ADB6-E51C1FFA290B}.Debug|Any CPU.ActiveCfg = Debug|Any CPU
		{BC34735B-0FF6-4AB1-ADB6-E51C1FFA290B}.Debug|Any CPU.Build.0 = Debug|Any CPU
		{BC34735B-0FF6-4AB1-ADB6-E51C1FFA290B}.Release|Any CPU.ActiveCfg = Release|Any CPU
		{BC34735B-0FF6-4AB1-ADB6-E51C1FFA290B}.Release|Any CPU.Build.0 = Release|Any CPU
		{9ED5C129-7300-4D76-9E59-70C616832754}.Debug|Any CPU.ActiveCfg = Debug|Any CPU
		{9ED5C129-7300-4D76-9E59-70C616832754}.Debug|Any CPU.Build.0 = Debug|Any CPU
		{9ED5C129-7300-4D76-9E59-70C616832754}.Release|Any CPU.ActiveCfg = Release|Any CPU
		{9ED5C129-7300-4D76-9E59-70C616832754}.Release|Any CPU.Build.0 = Release|Any CPU
		{231F0DB9-DAEC-43C7-A0C0-23376F2BFDC8}.Debug|Any CPU.ActiveCfg = Debug|Any CPU
		{231F0DB9-DAEC-43C7-A0C0-23376F2BFDC8}.Debug|Any CPU.Build.0 = Debug|Any CPU
		{231F0DB9-DAEC-43C7-A0C0-23376F2BFDC8}.Release|Any CPU.ActiveCfg = Release|Any CPU
		{231F0DB9-DAEC-43C7-A0C0-23376F2BFDC8}.Release|Any CPU.Build.0 = Release|Any CPU
		{3DD542AF-1D13-43C0-805C-065002737628}.Debug|Any CPU.ActiveCfg = Debug|Any CPU
		{3DD542AF-1D13-43C0-805C-065002737628}.Debug|Any CPU.Build.0 = Debug|Any CPU
		{3DD542AF-1D13-43C0-805C-065002737628}.Release|Any CPU.ActiveCfg = Release|Any CPU
		{3DD542AF-1D13-43C0-805C-065002737628}.Release|Any CPU.Build.0 = Release|Any CPU
		{B85C5D68-9EB6-46B9-A321-763272F941D5}.Debug|Any CPU.ActiveCfg = Debug|Any CPU
		{B85C5D68-9EB6-46B9-A321-763272F941D5}.Debug|Any CPU.Build.0 = Debug|Any CPU
		{B85C5D68-9EB6-46B9-A321-763272F941D5}.Release|Any CPU.ActiveCfg = Release|Any CPU
		{B85C5D68-9EB6-46B9-A321-763272F941D5}.Release|Any CPU.Build.0 = Release|Any CPU
	EndGlobalSection
	GlobalSection(NestedProjects) = preSolution
		{3DD542AF-1D13-43C0-805C-065002737628} = {DAC98C5A-336D-4B2D-B5E0-FA4E62DE79F3}
		{9ED5C129-7300-4D76-9E59-70C616832754} = {DAC98C5A-336D-4B2D-B5E0-FA4E62DE79F3}
		{B85C5D68-9EB6-46B9-A321-763272F941D5} = {4E763486-8C17-4581-9D97-769DC6B48303}
		{522FA11C-EC1A-4C84-ADAC-00BCE54C4B0D} = {4E763486-8C17-4581-9D97-769DC6B48303}
	EndGlobalSection
EndGlobal
